
Microsoft Visual Studio Solution File, Format Version 12.00
# Visual Studio Version 17
VisualStudioVersion = 17.9.34701.34
MinimumVisualStudioVersion = 10.0.40219.1
Project("{FAE04EC0-301F-11D3-BF4B-00C04F79EFBC}") = "MVVM_implementacion_”EESA”-24.Android", "MVVM_implementacion_”EESA”-24\MVVM_implementacion_”EESA”-24.Android\MVVM_implementacion_”EESA”-24.Android.csproj", "{6F800B79-6980-426A-ADFA-DC403CB24841}"
EndProject
Project("{FAE04EC0-301F-11D3-BF4B-00C04F79EFBC}") = "MVVM_implementacion_”EESA”-24.iOS", "MVVM_implementacion_”EESA”-24\MVVM_implementacion_”EESA”-24.iOS\MVVM_implementacion_”EESA”-24.iOS.csproj", "{1E3ABBF3-DEDC-49C6-BEAD-E9F402E3FCCC}"
EndProject
Project("{9A19103F-16F7-4668-BE54-9A1E7A4F7556}") = "MVVM_implementacion_”EESA”-24", "MVVM_implementacion_”EESA”-24\MVVM_implementacion_”EESA”-24\MVVM_implementacion_”EESA”-24.csproj", "{680FD0E0-0372-4B16-8966-EACB028C4F7C}"
EndProject
Global
	GlobalSection(SolutionConfigurationPlatforms) = preSolution
		Debug|Any CPU = Debug|Any CPU
		Debug|iPhone = Debug|iPhone
		Debug|iPhoneSimulator = Debug|iPhoneSimulator
		Release|Any CPU = Release|Any CPU
		Release|iPhone = Release|iPhone
		Release|iPhoneSimulator = Release|iPhoneSimulator
	EndGlobalSection
	GlobalSection(ProjectConfigurationPlatforms) = postSolution
		{6F800B79-6980-426A-ADFA-DC403CB24841}.Debug|Any CPU.ActiveCfg = Debug|Any CPU
		{6F800B79-6980-426A-ADFA-DC403CB24841}.Debug|Any CPU.Build.0 = Debug|Any CPU
		{6F800B79-6980-426A-ADFA-DC403CB24841}.Debug|Any CPU.Deploy.0 = Debug|Any CPU
		{6F800B79-6980-426A-ADFA-DC403CB24841}.Debug|iPhone.ActiveCfg = Debug|Any CPU
		{6F800B79-6980-426A-ADFA-DC403CB24841}.Debug|iPhone.Build.0 = Debug|Any CPU
		{6F800B79-6980-426A-ADFA-DC403CB24841}.Debug|iPhone.Deploy.0 = Debug|Any CPU
		{6F800B79-6980-426A-ADFA-DC403CB24841}.Debug|iPhoneSimulator.ActiveCfg = Debug|Any CPU
		{6F800B79-6980-426A-ADFA-DC403CB24841}.Debug|iPhoneSimulator.Build.0 = Debug|Any CPU
		{6F800B79-6980-426A-ADFA-DC403CB24841}.Debug|iPhoneSimulator.Deploy.0 = Debug|Any CPU
		{6F800B79-6980-426A-ADFA-DC403CB24841}.Release|Any CPU.ActiveCfg = Release|Any CPU
		{6F800B79-6980-426A-ADFA-DC403CB24841}.Release|Any CPU.Build.0 = Release|Any CPU
		{6F800B79-6980-426A-ADFA-DC403CB24841}.Release|Any CPU.Deploy.0 = Release|Any CPU
		{6F800B79-6980-426A-ADFA-DC403CB24841}.Release|iPhone.ActiveCfg = Release|Any CPU
		{6F800B79-6980-426A-ADFA-DC403CB24841}.Release|iPhone.Build.0 = Release|Any CPU
		{6F800B79-6980-426A-ADFA-DC403CB24841}.Release|iPhone.Deploy.0 = Release|Any CPU
		{6F800B79-6980-426A-ADFA-DC403CB24841}.Release|iPhoneSimulator.ActiveCfg = Release|Any CPU
		{6F800B79-6980-426A-ADFA-DC403CB24841}.Release|iPhoneSimulator.Build.0 = Release|Any CPU
		{6F800B79-6980-426A-ADFA-DC403CB24841}.Release|iPhoneSimulator.Deploy.0 = Release|Any CPU
		{1E3ABBF3-DEDC-49C6-BEAD-E9F402E3FCCC}.Debug|Any CPU.ActiveCfg = Debug|iPhone
		{1E3ABBF3-DEDC-49C6-BEAD-E9F402E3FCCC}.Debug|Any CPU.Build.0 = Debug|iPhone
		{1E3ABBF3-DEDC-49C6-BEAD-E9F402E3FCCC}.Debug|Any CPU.Deploy.0 = Debug|iPhone
		{1E3ABBF3-DEDC-49C6-BEAD-E9F402E3FCCC}.Debug|iPhone.ActiveCfg = Debug|iPhone
		{1E3ABBF3-DEDC-49C6-BEAD-E9F402E3FCCC}.Debug|iPhone.Build.0 = Debug|iPhone
		{1E3ABBF3-DEDC-49C6-BEAD-E9F402E3FCCC}.Debug|iPhone.Deploy.0 = Debug|iPhone
		{1E3ABBF3-DEDC-49C6-BEAD-E9F402E3FCCC}.Debug|iPhoneSimulator.ActiveCfg = Debug|iPhoneSimulator
		{1E3ABBF3-DEDC-49C6-BEAD-E9F402E3FCCC}.Debug|iPhoneSimulator.Build.0 = Debug|iPhoneSimulator
		{1E3ABBF3-DEDC-49C6-BEAD-E9F402E3FCCC}.Debug|iPhoneSimulator.Deploy.0 = Debug|iPhoneSimulator
		{1E3ABBF3-DEDC-49C6-BEAD-E9F402E3FCCC}.Release|Any CPU.ActiveCfg = Release|iPhoneSimulator
		{1E3ABBF3-DEDC-49C6-BEAD-E9F402E3FCCC}.Release|Any CPU.Build.0 = Release|iPhoneSimulator
		{1E3ABBF3-DEDC-49C6-BEAD-E9F402E3FCCC}.Release|Any CPU.Deploy.0 = Release|iPhoneSimulator
		{1E3ABBF3-DEDC-49C6-BEAD-E9F402E3FCCC}.Release|iPhone.ActiveCfg = Release|iPhone
		{1E3ABBF3-DEDC-49C6-BEAD-E9F402E3FCCC}.Release|iPhone.Build.0 = Release|iPhone
		{1E3ABBF3-DEDC-49C6-BEAD-E9F402E3FCCC}.Release|iPhone.Deploy.0 = Release|iPhone
		{1E3ABBF3-DEDC-49C6-BEAD-E9F402E3FCCC}.Release|iPhoneSimulator.ActiveCfg = Release|iPhoneSimulator
		{1E3ABBF3-DEDC-49C6-BEAD-E9F402E3FCCC}.Release|iPhoneSimulator.Build.0 = Release|iPhoneSimulator
		{1E3ABBF3-DEDC-49C6-BEAD-E9F402E3FCCC}.Release|iPhoneSimulator.Deploy.0 = Release|iPhoneSimulator
		{680FD0E0-0372-4B16-8966-EACB028C4F7C}.Debug|Any CPU.ActiveCfg = Debug|Any CPU
		{680FD0E0-0372-4B16-8966-EACB028C4F7C}.Debug|Any CPU.Build.0 = Debug|Any CPU
		{680FD0E0-0372-4B16-8966-EACB028C4F7C}.Debug|Any CPU.Deploy.0 = Debug|Any CPU
		{680FD0E0-0372-4B16-8966-EACB028C4F7C}.Debug|iPhone.ActiveCfg = Debug|Any CPU
		{680FD0E0-0372-4B16-8966-EACB028C4F7C}.Debug|iPhone.Build.0 = Debug|Any CPU
		{680FD0E0-0372-4B16-8966-EACB028C4F7C}.Debug|iPhone.Deploy.0 = Debug|Any CPU
		{680FD0E0-0372-4B16-8966-EACB028C4F7C}.Debug|iPhoneSimulator.ActiveCfg = Debug|Any CPU
		{680FD0E0-0372-4B16-8966-EACB028C4F7C}.Debug|iPhoneSimulator.Build.0 = Debug|Any CPU
		{680FD0E0-0372-4B16-8966-EACB028C4F7C}.Debug|iPhoneSimulator.Deploy.0 = Debug|Any CPU
		{680FD0E0-0372-4B16-8966-EACB028C4F7C}.Release|Any CPU.ActiveCfg = Release|Any CPU
		{680FD0E0-0372-4B16-8966-EACB028C4F7C}.Release|Any CPU.Build.0 = Release|Any CPU
		{680FD0E0-0372-4B16-8966-EACB028C4F7C}.Release|Any CPU.Deploy.0 = Release|Any CPU
		{680FD0E0-0372-4B16-8966-EACB028C4F7C}.Release|iPhone.ActiveCfg = Release|Any CPU
		{680FD0E0-0372-4B16-8966-EACB028C4F7C}.Release|iPhone.Build.0 = Release|Any CPU
		{680FD0E0-0372-4B16-8966-EACB028C4F7C}.Release|iPhone.Deploy.0 = Release|Any CPU
		{680FD0E0-0372-4B16-8966-EACB028C4F7C}.Release|iPhoneSimulator.ActiveCfg = Release|Any CPU
		{680FD0E0-0372-4B16-8966-EACB028C4F7C}.Release|iPhoneSimulator.Build.0 = Release|Any CPU
		{680FD0E0-0372-4B16-8966-EACB028C4F7C}.Release|iPhoneSimulator.Deploy.0 = Release|Any CPU
	EndGlobalSection
	GlobalSection(SolutionProperties) = preSolution
		HideSolutionNode = FALSE
	EndGlobalSection
	GlobalSection(ExtensibilityGlobals) = postSolution
		SolutionGuid = {895FA206-BB74-42E4-AD8D-4A207ED84D12}
	EndGlobalSection
EndGlobal
